
Microsoft Visual Studio Solution File, Format Version 12.00
Project("{FAE04EC0-301F-11D3-BF4B-00C04F79EFBC}") = "Ooxml.Helpers", "src\Ooxml.Helpers\Ooxml.Helpers.csproj", "{B48AECEE-FE36-4411-AF8E-A7157E296562}"
EndProject
Project("{FAE04EC0-301F-11D3-BF4B-00C04F79EFBC}") = "Ooxml.Helpers.Tests", "src\Ooxml.Helpers.Tests\Ooxml.Helpers.Tests.csproj", "{C9FAF2ED-39CF-48B4-BAA0-5D8F3BACCD27}"
EndProject
Global
	GlobalSection(SolutionConfigurationPlatforms) = preSolution
		Debug|Any CPU = Debug|Any CPU
		Release|Any CPU = Release|Any CPU
	EndGlobalSection
	GlobalSection(ProjectConfigurationPlatforms) = postSolution
		{C9FAF2ED-39CF-48B4-BAA0-5D8F3BACCD27}.Debug|Any CPU.ActiveCfg = Debug|Any CPU
		{C9FAF2ED-39CF-48B4-BAA0-5D8F3BACCD27}.Debug|Any CPU.Build.0 = Debug|Any CPU
		{C9FAF2ED-39CF-48B4-BAA0-5D8F3BACCD27}.Release|Any CPU.ActiveCfg = Release|Any CPU
		{C9FAF2ED-39CF-48B4-BAA0-5D8F3BACCD27}.Release|Any CPU.Build.0 = Release|Any CPU
		{B48AECEE-FE36-4411-AF8E-A7157E296562}.Debug|Any CPU.ActiveCfg = Debug|Any CPU
		{B48AECEE-FE36-4411-AF8E-A7157E296562}.Debug|Any CPU.Build.0 = Debug|Any CPU
		{B48AECEE-FE36-4411-AF8E-A7157E296562}.Release|Any CPU.ActiveCfg = Release|Any CPU
		{B48AECEE-FE36-4411-AF8E-A7157E296562}.Release|Any CPU.Build.0 = Release|Any CPU
	EndGlobalSection
EndGlobal
